
Microsoft Visual Studio Solution File, Format Version 12.00
# Visual Studio Version 17
VisualStudioVersion = 17.1.32319.34
MinimumVisualStudioVersion = 10.0.40219.1
Project("{2150E333-8FDC-42A3-9474-1A3956D46DE8}") = "src", "src", "{C2F6ABC6-DE2C-43DA-AF47-AFF502077624}"
EndProject
Project("{2150E333-8FDC-42A3-9474-1A3956D46DE8}") = "core", "core", "{09300C56-A8C9-4BAA-A227-C23406A53E13}"
EndProject
Project("{9A19103F-16F7-4668-BE54-9A1E7A4F7556}") = "TodoApp.Domain", "src\core\TodoApp.Domain\TodoApp.Domain.csproj", "{0A356EE2-79CF-462B-8E76-82C79C60F0E3}"
EndProject
Project("{9A19103F-16F7-4668-BE54-9A1E7A4F7556}") = "TodoApp.Contracts", "src\core\TodoApp.Contracts\TodoApp.Contracts.csproj", "{599C8679-50D7-445B-9342-DECBB99533F2}"
EndProject
Project("{2150E333-8FDC-42A3-9474-1A3956D46DE8}") = "infrastructure", "infrastructure", "{E9F56E78-59F1-4334-BDE1-F7F8DDD2B576}"
EndProject
Project("{9A19103F-16F7-4668-BE54-9A1E7A4F7556}") = "TodoApp.Data", "src\infrastructure\TodoApp.Data\TodoApp.Data.csproj", "{EC2FA165-BC43-4086-B5D4-AC8F0B911581}"
EndProject
Project("{2150E333-8FDC-42A3-9474-1A3956D46DE8}") = "presentation", "presentation", "{CF8A2BBC-B724-4A7E-B76E-F8A0A30265B2}"
EndProject
Project("{9A19103F-16F7-4668-BE54-9A1E7A4F7556}") = "TodoApp.Host", "src\presentation\TodoApp.Host\TodoApp.Host.csproj", "{77D892A5-084E-46D6-95D2-18B0472560A5}"
EndProject
Project("{9A19103F-16F7-4668-BE54-9A1E7A4F7556}") = "TodoApp.Services", "src\core\TodoApp.Services\TodoApp.Services.csproj", "{1A2ADA44-108D-493A-9946-7EB3EBDAFC6B}"
EndProject
Project("{9A19103F-16F7-4668-BE54-9A1E7A4F7556}") = "TodoApp.Api", "src\presentation\TodoApp.Api\TodoApp.Api.csproj", "{31C1A1D9-07CE-43F2-A816-9563141C203D}"
EndProject
Project("{9A19103F-16F7-4668-BE54-9A1E7A4F7556}") = "TodoApp.Models", "src\core\TodoApp.Models\TodoApp.Models.csproj", "{A4F237EC-E594-4DAF-996A-BFE25B3280FB}"
EndProject
Project("{FAE04EC0-301F-11D3-BF4B-00C04F79EFBC}") = "TodoApp.Logging", "src\infrastructure\TodoApp.Logging\TodoApp.Logging.csproj", "{1B798FDC-53BB-4ADE-B557-E4C64C4E0C79}"
EndProject
Global
	GlobalSection(SolutionConfigurationPlatforms) = preSolution
		Debug|Any CPU = Debug|Any CPU
		Release|Any CPU = Release|Any CPU
	EndGlobalSection
	GlobalSection(ProjectConfigurationPlatforms) = postSolution
		{0A356EE2-79CF-462B-8E76-82C79C60F0E3}.Debug|Any CPU.ActiveCfg = Debug|Any CPU
		{0A356EE2-79CF-462B-8E76-82C79C60F0E3}.Debug|Any CPU.Build.0 = Debug|Any CPU
		{0A356EE2-79CF-462B-8E76-82C79C60F0E3}.Release|Any CPU.ActiveCfg = Release|Any CPU
		{0A356EE2-79CF-462B-8E76-82C79C60F0E3}.Release|Any CPU.Build.0 = Release|Any CPU
		{599C8679-50D7-445B-9342-DECBB99533F2}.Debug|Any CPU.ActiveCfg = Debug|Any CPU
		{599C8679-50D7-445B-9342-DECBB99533F2}.Debug|Any CPU.Build.0 = Debug|Any CPU
		{599C8679-50D7-445B-9342-DECBB99533F2}.Release|Any CPU.ActiveCfg = Release|Any CPU
		{599C8679-50D7-445B-9342-DECBB99533F2}.Release|Any CPU.Build.0 = Release|Any CPU
		{EC2FA165-BC43-4086-B5D4-AC8F0B911581}.Debug|Any CPU.ActiveCfg = Debug|Any CPU
		{EC2FA165-BC43-4086-B5D4-AC8F0B911581}.Debug|Any CPU.Build.0 = Debug|Any CPU
		{EC2FA165-BC43-4086-B5D4-AC8F0B911581}.Release|Any CPU.ActiveCfg = Release|Any CPU
		{EC2FA165-BC43-4086-B5D4-AC8F0B911581}.Release|Any CPU.Build.0 = Release|Any CPU
		{77D892A5-084E-46D6-95D2-18B0472560A5}.Debug|Any CPU.ActiveCfg = Debug|Any CPU
		{77D892A5-084E-46D6-95D2-18B0472560A5}.Debug|Any CPU.Build.0 = Debug|Any CPU
		{77D892A5-084E-46D6-95D2-18B0472560A5}.Release|Any CPU.ActiveCfg = Release|Any CPU
		{77D892A5-084E-46D6-95D2-18B0472560A5}.Release|Any CPU.Build.0 = Release|Any CPU
		{1A2ADA44-108D-493A-9946-7EB3EBDAFC6B}.Debug|Any CPU.ActiveCfg = Debug|Any CPU
		{1A2ADA44-108D-493A-9946-7EB3EBDAFC6B}.Debug|Any CPU.Build.0 = Debug|Any CPU
		{1A2ADA44-108D-493A-9946-7EB3EBDAFC6B}.Release|Any CPU.ActiveCfg = Release|Any CPU
		{1A2ADA44-108D-493A-9946-7EB3EBDAFC6B}.Release|Any CPU.Build.0 = Release|Any CPU
		{31C1A1D9-07CE-43F2-A816-9563141C203D}.Debug|Any CPU.ActiveCfg = Debug|Any CPU
		{31C1A1D9-07CE-43F2-A816-9563141C203D}.Debug|Any CPU.Build.0 = Debug|Any CPU
		{31C1A1D9-07CE-43F2-A816-9563141C203D}.Release|Any CPU.ActiveCfg = Release|Any CPU
		{31C1A1D9-07CE-43F2-A816-9563141C203D}.Release|Any CPU.Build.0 = Release|Any CPU
		{A4F237EC-E594-4DAF-996A-BFE25B3280FB}.Debug|Any CPU.ActiveCfg = Debug|Any CPU
		{A4F237EC-E594-4DAF-996A-BFE25B3280FB}.Debug|Any CPU.Build.0 = Debug|Any CPU
		{A4F237EC-E594-4DAF-996A-BFE25B3280FB}.Release|Any CPU.ActiveCfg = Release|Any CPU
		{A4F237EC-E594-4DAF-996A-BFE25B3280FB}.Release|Any CPU.Build.0 = Release|Any CPU
		{1B798FDC-53BB-4ADE-B557-E4C64C4E0C79}.Debug|Any CPU.ActiveCfg = Debug|Any CPU
		{1B798FDC-53BB-4ADE-B557-E4C64C4E0C79}.Debug|Any CPU.Build.0 = Debug|Any CPU
		{1B798FDC-53BB-4ADE-B557-E4C64C4E0C79}.Release|Any CPU.ActiveCfg = Release|Any CPU
		{1B798FDC-53BB-4ADE-B557-E4C64C4E0C79}.Release|Any CPU.Build.0 = Release|Any CPU
	EndGlobalSection
	GlobalSection(SolutionProperties) = preSolution
		HideSolutionNode = FALSE
	EndGlobalSection
	GlobalSection(NestedProjects) = preSolution
		{09300C56-A8C9-4BAA-A227-C23406A53E13} = {C2F6ABC6-DE2C-43DA-AF47-AFF502077624}
		{0A356EE2-79CF-462B-8E76-82C79C60F0E3} = {09300C56-A8C9-4BAA-A227-C23406A53E13}
		{599C8679-50D7-445B-9342-DECBB99533F2} = {09300C56-A8C9-4BAA-A227-C23406A53E13}
		{E9F56E78-59F1-4334-BDE1-F7F8DDD2B576} = {C2F6ABC6-DE2C-43DA-AF47-AFF502077624}
		{EC2FA165-BC43-4086-B5D4-AC8F0B911581} = {E9F56E78-59F1-4334-BDE1-F7F8DDD2B576}
		{CF8A2BBC-B724-4A7E-B76E-F8A0A30265B2} = {C2F6ABC6-DE2C-43DA-AF47-AFF502077624}
		{77D892A5-084E-46D6-95D2-18B0472560A5} = {CF8A2BBC-B724-4A7E-B76E-F8A0A30265B2}
		{1A2ADA44-108D-493A-9946-7EB3EBDAFC6B} = {09300C56-A8C9-4BAA-A227-C23406A53E13}
		{31C1A1D9-07CE-43F2-A816-9563141C203D} = {CF8A2BBC-B724-4A7E-B76E-F8A0A30265B2}
		{A4F237EC-E594-4DAF-996A-BFE25B3280FB} = {09300C56-A8C9-4BAA-A227-C23406A53E13}
		{1B798FDC-53BB-4ADE-B557-E4C64C4E0C79} = {E9F56E78-59F1-4334-BDE1-F7F8DDD2B576}
	EndGlobalSection
	GlobalSection(ExtensibilityGlobals) = postSolution
		SolutionGuid = {121CFC90-E769-4C8A-A106-9E8849AA1F18}
	EndGlobalSection
EndGlobal
